
Microsoft Visual Studio Solution File, Format Version 12.00
# Visual Studio Version 17
VisualStudioVersion = 17.13.35806.99
MinimumVisualStudioVersion = 10.0.40219.1
Project("{FAE04EC0-301F-11D3-BF4B-00C04F79EFBC}") = "GUI", "GUI\GUI.csproj", "{5AE650DC-726D-436A-B61A-0E728FD0CBC5}"
EndProject
Project("{FAE04EC0-301F-11D3-BF4B-00C04F79EFBC}") = "Entity", "Entity\Entity.csproj", "{DB1FFE40-3DB5-464A-9C53-5560AE050D1C}"
EndProject
Project("{FAE04EC0-301F-11D3-BF4B-00C04F79EFBC}") = "DAL", "DAL\DAL.csproj", "{81B9331A-FA42-4BA6-B24B-69CDD00DA5A9}"
EndProject
Project("{FAE04EC0-301F-11D3-BF4B-00C04F79EFBC}") = "BLL", "BLL\BLL.csproj", "{D0B18F30-9537-4C47-9A5F-3462B0D9114E}"
EndProject
Global
	GlobalSection(SolutionConfigurationPlatforms) = preSolution
		Debug|Any CPU = Debug|Any CPU
		Release|Any CPU = Release|Any CPU
	EndGlobalSection
	GlobalSection(ProjectConfigurationPlatforms) = postSolution
		{5AE650DC-726D-436A-B61A-0E728FD0CBC5}.Debug|Any CPU.ActiveCfg = Debug|Any CPU
		{5AE650DC-726D-436A-B61A-0E728FD0CBC5}.Debug|Any CPU.Build.0 = Debug|Any CPU
		{5AE650DC-726D-436A-B61A-0E728FD0CBC5}.Release|Any CPU.ActiveCfg = Release|Any CPU
		{5AE650DC-726D-436A-B61A-0E728FD0CBC5}.Release|Any CPU.Build.0 = Release|Any CPU
		{DB1FFE40-3DB5-464A-9C53-5560AE050D1C}.Debug|Any CPU.ActiveCfg = Debug|Any CPU
		{DB1FFE40-3DB5-464A-9C53-5560AE050D1C}.Debug|Any CPU.Build.0 = Debug|Any CPU
		{DB1FFE40-3DB5-464A-9C53-5560AE050D1C}.Release|Any CPU.ActiveCfg = Release|Any CPU
		{DB1FFE40-3DB5-464A-9C53-5560AE050D1C}.Release|Any CPU.Build.0 = Release|Any CPU
		{81B9331A-FA42-4BA6-B24B-69CDD00DA5A9}.Debug|Any CPU.ActiveCfg = Debug|Any CPU
		{81B9331A-FA42-4BA6-B24B-69CDD00DA5A9}.Debug|Any CPU.Build.0 = Debug|Any CPU
		{81B9331A-FA42-4BA6-B24B-69CDD00DA5A9}.Release|Any CPU.ActiveCfg = Release|Any CPU
		{81B9331A-FA42-4BA6-B24B-69CDD00DA5A9}.Release|Any CPU.Build.0 = Release|Any CPU
		{D0B18F30-9537-4C47-9A5F-3462B0D9114E}.Debug|Any CPU.ActiveCfg = Debug|Any CPU
		{D0B18F30-9537-4C47-9A5F-3462B0D9114E}.Debug|Any CPU.Build.0 = Debug|Any CPU
		{D0B18F30-9537-4C47-9A5F-3462B0D9114E}.Release|Any CPU.ActiveCfg = Release|Any CPU
		{D0B18F30-9537-4C47-9A5F-3462B0D9114E}.Release|Any CPU.Build.0 = Release|Any CPU
	EndGlobalSection
	GlobalSection(SolutionProperties) = preSolution
		HideSolutionNode = FALSE
	EndGlobalSection
	GlobalSection(ExtensibilityGlobals) = postSolution
		SolutionGuid = {E4CC3C66-C533-4ABA-8CF2-C739494EDE75}
	EndGlobalSection
EndGlobal
